// !$*UTF8*$!
{
	archiveVersion = 1;
	classes = {
	};
	objectVersion = 56;
	objects = {

/* Begin PBXBuildFile section */
		54F259152B3B2CB10041F709 /* BevemyrTimer Watch App.app in Embed Watch Content */ = {isa = PBXBuildFile; fileRef = 54F259142B3B2CB10041F709 /* BevemyrTimer Watch App.app */; settings = {ATTRIBUTES = (RemoveHeadersOnCopy, ); }; };
		54F2591A2B3B2CB10041F709 /* BevemyrTimerApp.swift in Sources */ = {isa = PBXBuildFile; fileRef = 54F259192B3B2CB10041F709 /* BevemyrTimerApp.swift */; };
		54F2591C2B3B2CB10041F709 /* ContentView.swift in Sources */ = {isa = PBXBuildFile; fileRef = 54F2591B2B3B2CB10041F709 /* ContentView.swift */; };
		54F2591E2B3B2CB20041F709 /* Assets.xcassets in Resources */ = {isa = PBXBuildFile; fileRef = 54F2591D2B3B2CB20041F709 /* Assets.xcassets */; };
		54F259212B3B2CB20041F709 /* Preview Assets.xcassets in Resources */ = {isa = PBXBuildFile; fileRef = 54F259202B3B2CB20041F709 /* Preview Assets.xcassets */; };
		54F2592B2B3B2CB20041F709 /* BevemyrTimer_Watch_AppTests.swift in Sources */ = {isa = PBXBuildFile; fileRef = 54F2592A2B3B2CB20041F709 /* BevemyrTimer_Watch_AppTests.swift */; };
		54F259352B3B2CB20041F709 /* BevemyrTimer_Watch_AppUITests.swift in Sources */ = {isa = PBXBuildFile; fileRef = 54F259342B3B2CB20041F709 /* BevemyrTimer_Watch_AppUITests.swift */; };
		54F259372B3B2CB20041F709 /* BevemyrTimer_Watch_AppUITestsLaunchTests.swift in Sources */ = {isa = PBXBuildFile; fileRef = 54F259362B3B2CB20041F709 /* BevemyrTimer_Watch_AppUITestsLaunchTests.swift */; };
/* End PBXBuildFile section */

/* Begin PBXContainerItemProxy section */
		54F259162B3B2CB10041F709 /* PBXContainerItemProxy */ = {
			isa = PBXContainerItemProxy;
			containerPortal = 54F259082B3B2CB00041F709 /* Project object */;
			proxyType = 1;
			remoteGlobalIDString = 54F259132B3B2CB10041F709;
			remoteInfo = "BevemyrTimer Watch App";
		};
		54F259272B3B2CB20041F709 /* PBXContainerItemProxy */ = {
			isa = PBXContainerItemProxy;
			containerPortal = 54F259082B3B2CB00041F709 /* Project object */;
			proxyType = 1;
			remoteGlobalIDString = 54F259132B3B2CB10041F709;
			remoteInfo = "BevemyrTimer Watch App";
		};
		54F259312B3B2CB20041F709 /* PBXContainerItemProxy */ = {
			isa = PBXContainerItemProxy;
			containerPortal = 54F259082B3B2CB00041F709 /* Project object */;
			proxyType = 1;
			remoteGlobalIDString = 54F259132B3B2CB10041F709;
			remoteInfo = "BevemyrTimer Watch App";
		};
/* End PBXContainerItemProxy section */

/* Begin PBXCopyFilesBuildPhase section */
		54F2593D2B3B2CB20041F709 /* Embed Watch Content */ = {
			isa = PBXCopyFilesBuildPhase;
			buildActionMask = 2147483647;
			dstPath = "$(CONTENTS_FOLDER_PATH)/Watch";
			dstSubfolderSpec = 16;
			files = (
				54F259152B3B2CB10041F709 /* BevemyrTimer Watch App.app in Embed Watch Content */,
			);
			name = "Embed Watch Content";
			runOnlyForDeploymentPostprocessing = 0;
		};
/* End PBXCopyFilesBuildPhase section */

/* Begin PBXFileReference section */
		54F2590E2B3B2CB10041F709 /* BevemyrTimer.app */ = {isa = PBXFileReference; explicitFileType = wrapper.application; includeInIndex = 0; path = BevemyrTimer.app; sourceTree = BUILT_PRODUCTS_DIR; };
		54F259142B3B2CB10041F709 /* BevemyrTimer Watch App.app */ = {isa = PBXFileReference; explicitFileType = wrapper.application; includeInIndex = 0; path = "BevemyrTimer Watch App.app"; sourceTree = BUILT_PRODUCTS_DIR; };
		54F259192B3B2CB10041F709 /* BevemyrTimerApp.swift */ = {isa = PBXFileReference; lastKnownFileType = sourcecode.swift; path = BevemyrTimerApp.swift; sourceTree = "<group>"; };
		54F2591B2B3B2CB10041F709 /* ContentView.swift */ = {isa = PBXFileReference; lastKnownFileType = sourcecode.swift; path = ContentView.swift; sourceTree = "<group>"; };
		54F2591D2B3B2CB20041F709 /* Assets.xcassets */ = {isa = PBXFileReference; lastKnownFileType = folder.assetcatalog; path = Assets.xcassets; sourceTree = "<group>"; };
		54F259202B3B2CB20041F709 /* Preview Assets.xcassets */ = {isa = PBXFileReference; lastKnownFileType = folder.assetcatalog; path = "Preview Assets.xcassets"; sourceTree = "<group>"; };
		54F259262B3B2CB20041F709 /* BevemyrTimer Watch AppTests.xctest */ = {isa = PBXFileReference; explicitFileType = wrapper.cfbundle; includeInIndex = 0; path = "BevemyrTimer Watch AppTests.xctest"; sourceTree = BUILT_PRODUCTS_DIR; };
		54F2592A2B3B2CB20041F709 /* BevemyrTimer_Watch_AppTests.swift */ = {isa = PBXFileReference; lastKnownFileType = sourcecode.swift; path = BevemyrTimer_Watch_AppTests.swift; sourceTree = "<group>"; };
		54F259302B3B2CB20041F709 /* BevemyrTimer Watch AppUITests.xctest */ = {isa = PBXFileReference; explicitFileType = wrapper.cfbundle; includeInIndex = 0; path = "BevemyrTimer Watch AppUITests.xctest"; sourceTree = BUILT_PRODUCTS_DIR; };
		54F259342B3B2CB20041F709 /* BevemyrTimer_Watch_AppUITests.swift */ = {isa = PBXFileReference; lastKnownFileType = sourcecode.swift; path = BevemyrTimer_Watch_AppUITests.swift; sourceTree = "<group>"; };
		54F259362B3B2CB20041F709 /* BevemyrTimer_Watch_AppUITestsLaunchTests.swift */ = {isa = PBXFileReference; lastKnownFileType = sourcecode.swift; path = BevemyrTimer_Watch_AppUITestsLaunchTests.swift; sourceTree = "<group>"; };
/* End PBXFileReference section */

/* Begin PBXFrameworksBuildPhase section */
		54F259112B3B2CB10041F709 /* Frameworks */ = {
			isa = PBXFrameworksBuildPhase;
			buildActionMask = 2147483647;
			files = (
			);
			runOnlyForDeploymentPostprocessing = 0;
		};
		54F259232B3B2CB20041F709 /* Frameworks */ = {
			isa = PBXFrameworksBuildPhase;
			buildActionMask = 2147483647;
			files = (
			);
			runOnlyForDeploymentPostprocessing = 0;
		};
		54F2592D2B3B2CB20041F709 /* Frameworks */ = {
			isa = PBXFrameworksBuildPhase;
			buildActionMask = 2147483647;
			files = (
			);
			runOnlyForDeploymentPostprocessing = 0;
		};
/* End PBXFrameworksBuildPhase section */

/* Begin PBXGroup section */
		54F259072B3B2CB00041F709 = {
			isa = PBXGroup;
			children = (
				54F259182B3B2CB10041F709 /* BevemyrTimer Watch App */,
				54F259292B3B2CB20041F709 /* BevemyrTimer Watch AppTests */,
				54F259332B3B2CB20041F709 /* BevemyrTimer Watch AppUITests */,
				54F2590F2B3B2CB10041F709 /* Products */,
			);
			sourceTree = "<group>";
		};
		54F2590F2B3B2CB10041F709 /* Products */ = {
			isa = PBXGroup;
			children = (
				54F2590E2B3B2CB10041F709 /* BevemyrTimer.app */,
				54F259142B3B2CB10041F709 /* BevemyrTimer Watch App.app */,
				54F259262B3B2CB20041F709 /* BevemyrTimer Watch AppTests.xctest */,
				54F259302B3B2CB20041F709 /* BevemyrTimer Watch AppUITests.xctest */,
			);
			name = Products;
			sourceTree = "<group>";
		};
		54F259182B3B2CB10041F709 /* BevemyrTimer Watch App */ = {
			isa = PBXGroup;
			children = (
				54F259192B3B2CB10041F709 /* BevemyrTimerApp.swift */,
				54F2591B2B3B2CB10041F709 /* ContentView.swift */,
				54F2591D2B3B2CB20041F709 /* Assets.xcassets */,
				54F2591F2B3B2CB20041F709 /* Preview Content */,
			);
			path = "BevemyrTimer Watch App";
			sourceTree = "<group>";
		};
		54F2591F2B3B2CB20041F709 /* Preview Content */ = {
			isa = PBXGroup;
			children = (
				54F259202B3B2CB20041F709 /* Preview Assets.xcassets */,
			);
			path = "Preview Content";
			sourceTree = "<group>";
		};
		54F259292B3B2CB20041F709 /* BevemyrTimer Watch AppTests */ = {
			isa = PBXGroup;
			children = (
				54F2592A2B3B2CB20041F709 /* BevemyrTimer_Watch_AppTests.swift */,
			);
			path = "BevemyrTimer Watch AppTests";
			sourceTree = "<group>";
		};
		54F259332B3B2CB20041F709 /* BevemyrTimer Watch AppUITests */ = {
			isa = PBXGroup;
			children = (
				54F259342B3B2CB20041F709 /* BevemyrTimer_Watch_AppUITests.swift */,
				54F259362B3B2CB20041F709 /* BevemyrTimer_Watch_AppUITestsLaunchTests.swift */,
			);
			path = "BevemyrTimer Watch AppUITests";
			sourceTree = "<group>";
		};
/* End PBXGroup section */

/* Begin PBXNativeTarget section */
		54F2590D2B3B2CB10041F709 /* BevemyrTimer */ = {
			isa = PBXNativeTarget;
			buildConfigurationList = 54F2593E2B3B2CB20041F709 /* Build configuration list for PBXNativeTarget "BevemyrTimer" */;
			buildPhases = (
				54F2590C2B3B2CB10041F709 /* Resources */,
				54F2593D2B3B2CB20041F709 /* Embed Watch Content */,
			);
			buildRules = (
			);
			dependencies = (
				54F259172B3B2CB10041F709 /* PBXTargetDependency */,
			);
			name = BevemyrTimer;
			productName = BevemyrTimer;
			productReference = 54F2590E2B3B2CB10041F709 /* BevemyrTimer.app */;
			productType = "com.apple.product-type.application.watchapp2-container";
		};
		54F259132B3B2CB10041F709 /* BevemyrTimer Watch App */ = {
			isa = PBXNativeTarget;
			buildConfigurationList = 54F2593A2B3B2CB20041F709 /* Build configuration list for PBXNativeTarget "BevemyrTimer Watch App" */;
			buildPhases = (
				54F259102B3B2CB10041F709 /* Sources */,
				54F259112B3B2CB10041F709 /* Frameworks */,
				54F259122B3B2CB10041F709 /* Resources */,
			);
			buildRules = (
			);
			dependencies = (
			);
			name = "BevemyrTimer Watch App";
			productName = "BevemyrTimer Watch App";
			productReference = 54F259142B3B2CB10041F709 /* BevemyrTimer Watch App.app */;
			productType = "com.apple.product-type.application";
		};
		54F259252B3B2CB20041F709 /* BevemyrTimer Watch AppTests */ = {
			isa = PBXNativeTarget;
			buildConfigurationList = 54F259412B3B2CB20041F709 /* Build configuration list for PBXNativeTarget "BevemyrTimer Watch AppTests" */;
			buildPhases = (
				54F259222B3B2CB20041F709 /* Sources */,
				54F259232B3B2CB20041F709 /* Frameworks */,
				54F259242B3B2CB20041F709 /* Resources */,
			);
			buildRules = (
			);
			dependencies = (
				54F259282B3B2CB20041F709 /* PBXTargetDependency */,
			);
			name = "BevemyrTimer Watch AppTests";
			productName = "BevemyrTimer Watch AppTests";
			productReference = 54F259262B3B2CB20041F709 /* BevemyrTimer Watch AppTests.xctest */;
			productType = "com.apple.product-type.bundle.unit-test";
		};
		54F2592F2B3B2CB20041F709 /* BevemyrTimer Watch AppUITests */ = {
			isa = PBXNativeTarget;
			buildConfigurationList = 54F259442B3B2CB20041F709 /* Build configuration list for PBXNativeTarget "BevemyrTimer Watch AppUITests" */;
			buildPhases = (
				54F2592C2B3B2CB20041F709 /* Sources */,
				54F2592D2B3B2CB20041F709 /* Frameworks */,
				54F2592E2B3B2CB20041F709 /* Resources */,
			);
			buildRules = (
			);
			dependencies = (
				54F259322B3B2CB20041F709 /* PBXTargetDependency */,
			);
			name = "BevemyrTimer Watch AppUITests";
			productName = "BevemyrTimer Watch AppUITests";
			productReference = 54F259302B3B2CB20041F709 /* BevemyrTimer Watch AppUITests.xctest */;
			productType = "com.apple.product-type.bundle.ui-testing";
		};
/* End PBXNativeTarget section */

/* Begin PBXProject section */
		54F259082B3B2CB00041F709 /* Project object */ = {
			isa = PBXProject;
			attributes = {
				BuildIndependentTargetsInParallel = 1;
				LastSwiftUpdateCheck = 1430;
				LastUpgradeCheck = 1430;
				TargetAttributes = {
					54F2590D2B3B2CB10041F709 = {
						CreatedOnToolsVersion = 14.3;
					};
					54F259132B3B2CB10041F709 = {
						CreatedOnToolsVersion = 14.3;
					};
					54F259252B3B2CB20041F709 = {
						CreatedOnToolsVersion = 14.3;
						TestTargetID = 54F259132B3B2CB10041F709;
					};
					54F2592F2B3B2CB20041F709 = {
						CreatedOnToolsVersion = 14.3;
						TestTargetID = 54F259132B3B2CB10041F709;
					};
				};
			};
			buildConfigurationList = 54F2590B2B3B2CB00041F709 /* Build configuration list for PBXProject "BevemyrTimer" */;
			compatibilityVersion = "Xcode 14.0";
			developmentRegion = en;
			hasScannedForEncodings = 0;
			knownRegions = (
				en,
				Base,
			);
			mainGroup = 54F259072B3B2CB00041F709;
			productRefGroup = 54F2590F2B3B2CB10041F709 /* Products */;
			projectDirPath = "";
			projectRoot = "";
			targets = (
				54F2590D2B3B2CB10041F709 /* BevemyrTimer */,
				54F259132B3B2CB10041F709 /* BevemyrTimer Watch App */,
				54F259252B3B2CB20041F709 /* BevemyrTimer Watch AppTests */,
				54F2592F2B3B2CB20041F709 /* BevemyrTimer Watch AppUITests */,
			);
		};
/* End PBXProject section */

/* Begin PBXResourcesBuildPhase section */
		54F2590C2B3B2CB10041F709 /* Resources */ = {
			isa = PBXResourcesBuildPhase;
			buildActionMask = 2147483647;
			files = (
			);
			runOnlyForDeploymentPostprocessing = 0;
		};
		54F259122B3B2CB10041F709 /* Resources */ = {
			isa = PBXResourcesBuildPhase;
			buildActionMask = 2147483647;
			files = (
				54F259212B3B2CB20041F709 /* Preview Assets.xcassets in Resources */,
				54F2591E2B3B2CB20041F709 /* Assets.xcassets in Resources */,
			);
			runOnlyForDeploymentPostprocessing = 0;
		};
		54F259242B3B2CB20041F709 /* Resources */ = {
			isa = PBXResourcesBuildPhase;
			buildActionMask = 2147483647;
			files = (
			);
			runOnlyForDeploymentPostprocessing = 0;
		};
		54F2592E2B3B2CB20041F709 /* Resources */ = {
			isa = PBXResourcesBuildPhase;
			buildActionMask = 2147483647;
			files = (
			);
			runOnlyForDeploymentPostprocessing = 0;
		};
/* End PBXResourcesBuildPhase section */

/* Begin PBXSourcesBuildPhase section */
		54F259102B3B2CB10041F709 /* Sources */ = {
			isa = PBXSourcesBuildPhase;
			buildActionMask = 2147483647;
			files = (
				54F2591C2B3B2CB10041F709 /* ContentView.swift in Sources */,
				54F2591A2B3B2CB10041F709 /* BevemyrTimerApp.swift in Sources */,
			);
			runOnlyForDeploymentPostprocessing = 0;
		};
		54F259222B3B2CB20041F709 /* Sources */ = {
			isa = PBXSourcesBuildPhase;
			buildActionMask = 2147483647;
			files = (
				54F2592B2B3B2CB20041F709 /* BevemyrTimer_Watch_AppTests.swift in Sources */,
			);
			runOnlyForDeploymentPostprocessing = 0;
		};
		54F2592C2B3B2CB20041F709 /* Sources */ = {
			isa = PBXSourcesBuildPhase;
			buildActionMask = 2147483647;
			files = (
				54F259352B3B2CB20041F709 /* BevemyrTimer_Watch_AppUITests.swift in Sources */,
				54F259372B3B2CB20041F709 /* BevemyrTimer_Watch_AppUITestsLaunchTests.swift in Sources */,
			);
			runOnlyForDeploymentPostprocessing = 0;
		};
/* End PBXSourcesBuildPhase section */

/* Begin PBXTargetDependency section */
		54F259172B3B2CB10041F709 /* PBXTargetDependency */ = {
			isa = PBXTargetDependency;
			target = 54F259132B3B2CB10041F709 /* BevemyrTimer Watch App */;
			targetProxy = 54F259162B3B2CB10041F709 /* PBXContainerItemProxy */;
		};
		54F259282B3B2CB20041F709 /* PBXTargetDependency */ = {
			isa = PBXTargetDependency;
			target = 54F259132B3B2CB10041F709 /* BevemyrTimer Watch App */;
			targetProxy = 54F259272B3B2CB20041F709 /* PBXContainerItemProxy */;
		};
		54F259322B3B2CB20041F709 /* PBXTargetDependency */ = {
			isa = PBXTargetDependency;
			target = 54F259132B3B2CB10041F709 /* BevemyrTimer Watch App */;
			targetProxy = 54F259312B3B2CB20041F709 /* PBXContainerItemProxy */;
		};
/* End PBXTargetDependency section */

/* Begin XCBuildConfiguration section */
		54F259382B3B2CB20041F709 /* Debug */ = {
			isa = XCBuildConfiguration;
			buildSettings = {
				ALWAYS_SEARCH_USER_PATHS = NO;
				CLANG_ANALYZER_NONNULL = YES;
				CLANG_ANALYZER_NUMBER_OBJECT_CONVERSION = YES_AGGRESSIVE;
				CLANG_CXX_LANGUAGE_STANDARD = "gnu++20";
				CLANG_ENABLE_MODULES = YES;
				CLANG_ENABLE_OBJC_ARC = YES;
				CLANG_ENABLE_OBJC_WEAK = YES;
				CLANG_WARN_BLOCK_CAPTURE_AUTORELEASING = YES;
				CLANG_WARN_BOOL_CONVERSION = YES;
				CLANG_WARN_COMMA = YES;
				CLANG_WARN_CONSTANT_CONVERSION = YES;
				CLANG_WARN_DEPRECATED_OBJC_IMPLEMENTATIONS = YES;
				CLANG_WARN_DIRECT_OBJC_ISA_USAGE = YES_ERROR;
				CLANG_WARN_DOCUMENTATION_COMMENTS = YES;
				CLANG_WARN_EMPTY_BODY = YES;
				CLANG_WARN_ENUM_CONVERSION = YES;
				CLANG_WARN_INFINITE_RECURSION = YES;
				CLANG_WARN_INT_CONVERSION = YES;
				CLANG_WARN_NON_LITERAL_NULL_CONVERSION = YES;
				CLANG_WARN_OBJC_IMPLICIT_RETAIN_SELF = YES;
				CLANG_WARN_OBJC_LITERAL_CONVERSION = YES;
				CLANG_WARN_OBJC_ROOT_CLASS = YES_ERROR;
				CLANG_WARN_QUOTED_INCLUDE_IN_FRAMEWORK_HEADER = YES;
				CLANG_WARN_RANGE_LOOP_ANALYSIS = YES;
				CLANG_WARN_STRICT_PROTOTYPES = YES;
				CLANG_WARN_SUSPICIOUS_MOVE = YES;
				CLANG_WARN_UNGUARDED_AVAILABILITY = YES_AGGRESSIVE;
				CLANG_WARN_UNREACHABLE_CODE = YES;
				CLANG_WARN__DUPLICATE_METHOD_MATCH = YES;
				COPY_PHASE_STRIP = NO;
				DEBUG_INFORMATION_FORMAT = dwarf;
				ENABLE_STRICT_OBJC_MSGSEND = YES;
				ENABLE_TESTABILITY = YES;
				GCC_C_LANGUAGE_STANDARD = gnu11;
				GCC_DYNAMIC_NO_PIC = NO;
				GCC_NO_COMMON_BLOCKS = YES;
				GCC_OPTIMIZATION_LEVEL = 0;
				GCC_PREPROCESSOR_DEFINITIONS = (
					"DEBUG=1",
					"$(inherited)",
				);
				GCC_WARN_64_TO_32_BIT_CONVERSION = YES;
				GCC_WARN_ABOUT_RETURN_TYPE = YES_ERROR;
				GCC_WARN_UNDECLARED_SELECTOR = YES;
				GCC_WARN_UNINITIALIZED_AUTOS = YES_AGGRESSIVE;
				GCC_WARN_UNUSED_FUNCTION = YES;
				GCC_WARN_UNUSED_VARIABLE = YES;
				MTL_ENABLE_DEBUG_INFO = INCLUDE_SOURCE;
				MTL_FAST_MATH = YES;
				ONLY_ACTIVE_ARCH = YES;
				SWIFT_ACTIVE_COMPILATION_CONDITIONS = DEBUG;
				SWIFT_OPTIMIZATION_LEVEL = "-Onone";
			};
			name = Debug;
		};
		54F259392B3B2CB20041F709 /* Release */ = {
			isa = XCBuildConfiguration;
			buildSettings = {
				ALWAYS_SEARCH_USER_PATHS = NO;
				CLANG_ANALYZER_NONNULL = YES;
				CLANG_ANALYZER_NUMBER_OBJECT_CONVERSION = YES_AGGRESSIVE;
				CLANG_CXX_LANGUAGE_STANDARD = "gnu++20";
				CLANG_ENABLE_MODULES = YES;
				CLANG_ENABLE_OBJC_ARC = YES;
				CLANG_ENABLE_OBJC_WEAK = YES;
				CLANG_WARN_BLOCK_CAPTURE_AUTORELEASING = YES;
				CLANG_WARN_BOOL_CONVERSION = YES;
				CLANG_WARN_COMMA = YES;
				CLANG_WARN_CONSTANT_CONVERSION = YES;
				CLANG_WARN_DEPRECATED_OBJC_IMPLEMENTATIONS = YES;
				CLANG_WARN_DIRECT_OBJC_ISA_USAGE = YES_ERROR;
				CLANG_WARN_DOCUMENTATION_COMMENTS = YES;
				CLANG_WARN_EMPTY_BODY = YES;
				CLANG_WARN_ENUM_CONVERSION = YES;
				CLANG_WARN_INFINITE_RECURSION = YES;
				CLANG_WARN_INT_CONVERSION = YES;
				CLANG_WARN_NON_LITERAL_NULL_CONVERSION = YES;
				CLANG_WARN_OBJC_IMPLICIT_RETAIN_SELF = YES;
				CLANG_WARN_OBJC_LITERAL_CONVERSION = YES;
				CLANG_WARN_OBJC_ROOT_CLASS = YES_ERROR;
				CLANG_WARN_QUOTED_INCLUDE_IN_FRAMEWORK_HEADER = YES;
				CLANG_WARN_RANGE_LOOP_ANALYSIS = YES;
				CLANG_WARN_STRICT_PROTOTYPES = YES;
				CLANG_WARN_SUSPICIOUS_MOVE = YES;
				CLANG_WARN_UNGUARDED_AVAILABILITY = YES_AGGRESSIVE;
				CLANG_WARN_UNREACHABLE_CODE = YES;
				CLANG_WARN__DUPLICATE_METHOD_MATCH = YES;
				COPY_PHASE_STRIP = NO;
				DEBUG_INFORMATION_FORMAT = "dwarf-with-dsym";
				ENABLE_NS_ASSERTIONS = NO;
				ENABLE_STRICT_OBJC_MSGSEND = YES;
				GCC_C_LANGUAGE_STANDARD = gnu11;
				GCC_NO_COMMON_BLOCKS = YES;
				GCC_WARN_64_TO_32_BIT_CONVERSION = YES;
				GCC_WARN_ABOUT_RETURN_TYPE = YES_ERROR;
				GCC_WARN_UNDECLARED_SELECTOR = YES;
				GCC_WARN_UNINITIALIZED_AUTOS = YES_AGGRESSIVE;
				GCC_WARN_UNUSED_FUNCTION = YES;
				GCC_WARN_UNUSED_VARIABLE = YES;
				MTL_ENABLE_DEBUG_INFO = NO;
				MTL_FAST_MATH = YES;
				SWIFT_COMPILATION_MODE = wholemodule;
				SWIFT_OPTIMIZATION_LEVEL = "-O";
			};
			name = Release;
		};
		54F2593B2B3B2CB20041F709 /* Debug */ = {
			isa = XCBuildConfiguration;
			buildSettings = {
				ASSETCATALOG_COMPILER_APPICON_NAME = AppIcon;
				ASSETCATALOG_COMPILER_GLOBAL_ACCENT_COLOR_NAME = AccentColor;
				CODE_SIGN_STYLE = Automatic;
				CURRENT_PROJECT_VERSION = 1;
				DEVELOPMENT_ASSET_PATHS = "\"BevemyrTimer Watch App/Preview Content\"";
				ENABLE_PREVIEWS = YES;
				GENERATE_INFOPLIST_FILE = YES;
				INFOPLIST_KEY_CFBundleDisplayName = BevemyrTimer;
				INFOPLIST_KEY_UISupportedInterfaceOrientations = "UIInterfaceOrientationPortrait UIInterfaceOrientationPortraitUpsideDown";
				INFOPLIST_KEY_WKWatchOnly = YES;
				LD_RUNPATH_SEARCH_PATHS = (
					"$(inherited)",
					"@executable_path/Frameworks",
				);
				MARKETING_VERSION = 1.0;
				PRODUCT_BUNDLE_IDENTIFIER = gt16.BevemyrTimer.watchkitapp;
				PRODUCT_NAME = "$(TARGET_NAME)";
				SDKROOT = watchos;
				SKIP_INSTALL = YES;
				SWIFT_EMIT_LOC_STRINGS = YES;
				SWIFT_VERSION = 5.0;
				TARGETED_DEVICE_FAMILY = 4;
				WATCHOS_DEPLOYMENT_TARGET = 9.4;
			};
			name = Debug;
		};
		54F2593C2B3B2CB20041F709 /* Release */ = {
			isa = XCBuildConfiguration;
			buildSettings = {
				ASSETCATALOG_COMPILER_APPICON_NAME = AppIcon;
				ASSETCATALOG_COMPILER_GLOBAL_ACCENT_COLOR_NAME = AccentColor;
				CODE_SIGN_STYLE = Automatic;
				CURRENT_PROJECT_VERSION = 1;
				DEVELOPMENT_ASSET_PATHS = "\"BevemyrTimer Watch App/Preview Content\"";
				ENABLE_PREVIEWS = YES;
				GENERATE_INFOPLIST_FILE = YES;
				INFOPLIST_KEY_CFBundleDisplayName = BevemyrTimer;
				INFOPLIST_KEY_UISupportedInterfaceOrientations = "UIInterfaceOrientationPortrait UIInterfaceOrientationPortraitUpsideDown";
				INFOPLIST_KEY_WKWatchOnly = YES;
				LD_RUNPATH_SEARCH_PATHS = (
					"$(inherited)",
					"@executable_path/Frameworks",
				);
				MARKETING_VERSION = 1.0;
				PRODUCT_BUNDLE_IDENTIFIER = gt16.BevemyrTimer.watchkitapp;
				PRODUCT_NAME = "$(TARGET_NAME)";
				SDKROOT = watchos;
				SKIP_INSTALL = YES;
				SWIFT_EMIT_LOC_STRINGS = YES;
				SWIFT_VERSION = 5.0;
				TARGETED_DEVICE_FAMILY = 4;
				VALIDATE_PRODUCT = YES;
				WATCHOS_DEPLOYMENT_TARGET = 9.4;
			};
			name = Release;
		};
		54F2593F2B3B2CB20041F709 /* Debug */ = {
			isa = XCBuildConfiguration;
			buildSettings = {
				ALWAYS_EMBED_SWIFT_STANDARD_LIBRARIES = YES;
				CODE_SIGN_STYLE = Automatic;
				CURRENT_PROJECT_VERSION = 1;
				INFOPLIST_KEY_CFBundleDisplayName = BevemyrTimer;
				MARKETING_VERSION = 1.0;
				PRODUCT_BUNDLE_IDENTIFIER = gt16.BevemyrTimer;
				PRODUCT_NAME = "$(TARGET_NAME)";
				SDKROOT = iphoneos;
				SWIFT_VERSION = 5.0;
			};
			name = Debug;
		};
		54F259402B3B2CB20041F709 /* Release */ = {
			isa = XCBuildConfiguration;
			buildSettings = {
				ALWAYS_EMBED_SWIFT_STANDARD_LIBRARIES = YES;
				CODE_SIGN_STYLE = Automatic;
				CURRENT_PROJECT_VERSION = 1;
				INFOPLIST_KEY_CFBundleDisplayName = BevemyrTimer;
				MARKETING_VERSION = 1.0;
				PRODUCT_BUNDLE_IDENTIFIER = gt16.BevemyrTimer;
				PRODUCT_NAME = "$(TARGET_NAME)";
				SDKROOT = iphoneos;
				SWIFT_VERSION = 5.0;
				VALIDATE_PRODUCT = YES;
			};
			name = Release;
		};
		54F259422B3B2CB20041F709 /* Debug */ = {
			isa = XCBuildConfiguration;
			buildSettings = {
				ALWAYS_EMBED_SWIFT_STANDARD_LIBRARIES = YES;
				BUNDLE_LOADER = "$(TEST_HOST)";
				CODE_SIGN_STYLE = Automatic;
				CURRENT_PROJECT_VERSION = 1;
				GENERATE_INFOPLIST_FILE = YES;
				MARKETING_VERSION = 1.0;
				PRODUCT_BUNDLE_IDENTIFIER = "gt16.BevemyrTimer-Watch-AppTests";
				PRODUCT_NAME = "$(TARGET_NAME)";
				SDKROOT = watchos;
				SWIFT_EMIT_LOC_STRINGS = NO;
				SWIFT_VERSION = 5.0;
				TARGETED_DEVICE_FAMILY = 4;
				TEST_HOST = "$(BUILT_PRODUCTS_DIR)/BevemyrTimer Watch App.app/$(BUNDLE_EXECUTABLE_FOLDER_PATH)/BevemyrTimer Watch App";
				WATCHOS_DEPLOYMENT_TARGET = 9.4;
			};
			name = Debug;
		};
		54F259432B3B2CB20041F709 /* Release */ = {
			isa = XCBuildConfiguration;
			buildSettings = {
				ALWAYS_EMBED_SWIFT_STANDARD_LIBRARIES = YES;
				BUNDLE_LOADER = "$(TEST_HOST)";
				CODE_SIGN_STYLE = Automatic;
				CURRENT_PROJECT_VERSION = 1;
				GENERATE_INFOPLIST_FILE = YES;
				MARKETING_VERSION = 1.0;
				PRODUCT_BUNDLE_IDENTIFIER = "gt16.BevemyrTimer-Watch-AppTests";
				PRODUCT_NAME = "$(TARGET_NAME)";
				SDKROOT = watchos;
				SWIFT_EMIT_LOC_STRINGS = NO;
				SWIFT_VERSION = 5.0;
				TARGETED_DEVICE_FAMILY = 4;
				TEST_HOST = "$(BUILT_PRODUCTS_DIR)/BevemyrTimer Watch App.app/$(BUNDLE_EXECUTABLE_FOLDER_PATH)/BevemyrTimer Watch App";
				VALIDATE_PRODUCT = YES;
				WATCHOS_DEPLOYMENT_TARGET = 9.4;
			};
			name = Release;
		};
		54F259452B3B2CB20041F709 /* Debug */ = {
			isa = XCBuildConfiguration;
			buildSettings = {
				ALWAYS_EMBED_SWIFT_STANDARD_LIBRARIES = YES;
				CODE_SIGN_STYLE = Automatic;
				CURRENT_PROJECT_VERSION = 1;
				GENERATE_INFOPLIST_FILE = YES;
				MARKETING_VERSION = 1.0;
				PRODUCT_BUNDLE_IDENTIFIER = "gt16.BevemyrTimer-Watch-AppUITests";
				PRODUCT_NAME = "$(TARGET_NAME)";
				SDKROOT = watchos;
				SWIFT_EMIT_LOC_STRINGS = NO;
				SWIFT_VERSION = 5.0;
				TARGETED_DEVICE_FAMILY = 4;
				TEST_TARGET_NAME = "BevemyrTimer Watch App";
				WATCHOS_DEPLOYMENT_TARGET = 9.4;
			};
			name = Debug;
		};
		54F259462B3B2CB20041F709 /* Release */ = {
			isa = XCBuildConfiguration;
			buildSettings = {
				ALWAYS_EMBED_SWIFT_STANDARD_LIBRARIES = YES;
				CODE_SIGN_STYLE = Automatic;
				CURRENT_PROJECT_VERSION = 1;
				GENERATE_INFOPLIST_FILE = YES;
				MARKETING_VERSION = 1.0;
				PRODUCT_BUNDLE_IDENTIFIER = "gt16.BevemyrTimer-Watch-AppUITests";
				PRODUCT_NAME = "$(TARGET_NAME)";
				SDKROOT = watchos;
				SWIFT_EMIT_LOC_STRINGS = NO;
				SWIFT_VERSION = 5.0;
				TARGETED_DEVICE_FAMILY = 4;
				TEST_TARGET_NAME = "BevemyrTimer Watch App";
				VALIDATE_PRODUCT = YES;
				WATCHOS_DEPLOYMENT_TARGET = 9.4;
			};
			name = Release;
		};
/* End XCBuildConfiguration section */

/* Begin XCConfigurationList section */
		54F2590B2B3B2CB00041F709 /* Build configuration list for PBXProject "BevemyrTimer" */ = {
			isa = XCConfigurationList;
			buildConfigurations = (
				54F259382B3B2CB20041F709 /* Debug */,
				54F259392B3B2CB20041F709 /* Release */,
			);
			defaultConfigurationIsVisible = 0;
			defaultConfigurationName = Release;
		};
		54F2593A2B3B2CB20041F709 /* Build configuration list for PBXNativeTarget "BevemyrTimer Watch App" */ = {
			isa = XCConfigurationList;
			buildConfigurations = (
				54F2593B2B3B2CB20041F709 /* Debug */,
				54F2593C2B3B2CB20041F709 /* Release */,
			);
			defaultConfigurationIsVisible = 0;
			defaultConfigurationName = Release;
		};
		54F2593E2B3B2CB20041F709 /* Build configuration list for PBXNativeTarget "BevemyrTimer" */ = {
			isa = XCConfigurationList;
			buildConfigurations = (
				54F2593F2B3B2CB20041F709 /* Debug */,
				54F259402B3B2CB20041F709 /* Release */,
			);
			defaultConfigurationIsVisible = 0;
			defaultConfigurationName = Release;
		};
		54F259412B3B2CB20041F709 /* Build configuration list for PBXNativeTarget "BevemyrTimer Watch AppTests" */ = {
			isa = XCConfigurationList;
			buildConfigurations = (
				54F259422B3B2CB20041F709 /* Debug */,
				54F259432B3B2CB20041F709 /* Release */,
			);
			defaultConfigurationIsVisible = 0;
			defaultConfigurationName = Release;
		};
		54F259442B3B2CB20041F709 /* Build configuration list for PBXNativeTarget "BevemyrTimer Watch AppUITests" */ = {
			isa = XCConfigurationList;
			buildConfigurations = (
				54F259452B3B2CB20041F709 /* Debug */,
				54F259462B3B2CB20041F709 /* Release */,
			);
			defaultConfigurationIsVisible = 0;
			defaultConfigurationName = Release;
		};
/* End XCConfigurationList section */
	};
	rootObject = 54F259082B3B2CB00041F709 /* Project object */;
}
